
Microsoft Visual Studio Solution File, Format Version 12.00
# Visual Studio Version 17
VisualStudioVersion = 17.10.35004.147
MinimumVisualStudioVersion = 10.0.40219.1
Project("{FAE04EC0-301F-11D3-BF4B-00C04F79EFBC}") = "SoapySpectrum", "SoapySpectrum\SoapySpectrum.csproj", "{1DB4D707-AC54-43E2-BADF-FCDB3BBC3A3D}"
EndProject
Global
	GlobalSection(SolutionConfigurationPlatforms) = preSolution
		Debug|Any CPU = Debug|Any CPU
		Release|Any CPU = Release|Any CPU
	EndGlobalSection
	GlobalSection(ProjectConfigurationPlatforms) = postSolution
		{1DB4D707-AC54-43E2-BADF-FCDB3BBC3A3D}.Debug|Any CPU.ActiveCfg = Debug|Any CPU
		{1DB4D707-AC54-43E2-BADF-FCDB3BBC3A3D}.Debug|Any CPU.Build.0 = Debug|Any CPU
		{1DB4D707-AC54-43E2-BADF-FCDB3BBC3A3D}.Release|Any CPU.ActiveCfg = Release|Any CPU
		{1DB4D707-AC54-43E2-BADF-FCDB3BBC3A3D}.Release|Any CPU.Build.0 = Release|Any CPU
	EndGlobalSection
	GlobalSection(SolutionProperties) = preSolution
		HideSolutionNode = FALSE
	EndGlobalSection
	GlobalSection(ExtensibilityGlobals) = postSolution
		SolutionGuid = {41092DA0-E224-446B-9507-24E11A8B947D}
	EndGlobalSection
EndGlobal
